
Microsoft Visual Studio Solution File, Format Version 12.00
# Visual Studio 15
VisualStudioVersion = 15.0.28010.2016
MinimumVisualStudioVersion = 10.0.40219.1
Project("{FAE04EC0-301F-11D3-BF4B-00C04F79EFBC}") = "PostViewerApp.Android", "PostViewerApp\PostViewerApp.Android\PostViewerApp.Android.csproj", "{20884EB0-FDC9-4CA2-B321-949E7CC379BD}"
EndProject
Project("{9A19103F-16F7-4668-BE54-9A1E7A4F7556}") = "PostViewerApp", "PostViewerApp\PostViewerApp\PostViewerApp.csproj", "{E59DDEAC-A81A-431F-8A99-521CB97D19F9}"
EndProject
Project("{9A19103F-16F7-4668-BE54-9A1E7A4F7556}") = "PostViewerApp.Data", "PostViewerApp.Data\PostViewerApp.Data.csproj", "{693CD1B6-E3CC-4E8A-8E07-43379E2DF8DD}"
EndProject
Project("{9A19103F-16F7-4668-BE54-9A1E7A4F7556}") = "PostViewerApp.Net", "PostViewerApp.Net\PostViewerApp.Net.csproj", "{49FB4DDD-EB67-48AA-9E78-2C6341265558}"
EndProject
Project("{FAE04EC0-301F-11D3-BF4B-00C04F79EFBC}") = "PostViewerApp.iOS", "PostViewerApp\PostViewerApp.iOS\PostViewerApp.iOS.csproj", "{E77B12A1-2CA5-41CC-8E76-138C8A926A97}"
EndProject
Global
	GlobalSection(SolutionConfigurationPlatforms) = preSolution
		Ad-Hoc|Any CPU = Ad-Hoc|Any CPU
		Ad-Hoc|iPhone = Ad-Hoc|iPhone
		Ad-Hoc|iPhoneSimulator = Ad-Hoc|iPhoneSimulator
		AppStore|Any CPU = AppStore|Any CPU
		AppStore|iPhone = AppStore|iPhone
		AppStore|iPhoneSimulator = AppStore|iPhoneSimulator
		Debug|Any CPU = Debug|Any CPU
		Debug|iPhone = Debug|iPhone
		Debug|iPhoneSimulator = Debug|iPhoneSimulator
		Release|Any CPU = Release|Any CPU
		Release|iPhone = Release|iPhone
		Release|iPhoneSimulator = Release|iPhoneSimulator
	EndGlobalSection
	GlobalSection(ProjectConfigurationPlatforms) = postSolution
		{20884EB0-FDC9-4CA2-B321-949E7CC379BD}.Ad-Hoc|Any CPU.ActiveCfg = Release|Any CPU
		{20884EB0-FDC9-4CA2-B321-949E7CC379BD}.Ad-Hoc|Any CPU.Build.0 = Release|Any CPU
		{20884EB0-FDC9-4CA2-B321-949E7CC379BD}.Ad-Hoc|Any CPU.Deploy.0 = Release|Any CPU
		{20884EB0-FDC9-4CA2-B321-949E7CC379BD}.Ad-Hoc|iPhone.ActiveCfg = Release|Any CPU
		{20884EB0-FDC9-4CA2-B321-949E7CC379BD}.Ad-Hoc|iPhone.Build.0 = Release|Any CPU
		{20884EB0-FDC9-4CA2-B321-949E7CC379BD}.Ad-Hoc|iPhone.Deploy.0 = Release|Any CPU
		{20884EB0-FDC9-4CA2-B321-949E7CC379BD}.Ad-Hoc|iPhoneSimulator.ActiveCfg = Release|Any CPU
		{20884EB0-FDC9-4CA2-B321-949E7CC379BD}.Ad-Hoc|iPhoneSimulator.Build.0 = Release|Any CPU
		{20884EB0-FDC9-4CA2-B321-949E7CC379BD}.Ad-Hoc|iPhoneSimulator.Deploy.0 = Release|Any CPU
		{20884EB0-FDC9-4CA2-B321-949E7CC379BD}.AppStore|Any CPU.ActiveCfg = Release|Any CPU
		{20884EB0-FDC9-4CA2-B321-949E7CC379BD}.AppStore|Any CPU.Build.0 = Release|Any CPU
		{20884EB0-FDC9-4CA2-B321-949E7CC379BD}.AppStore|Any CPU.Deploy.0 = Release|Any CPU
		{20884EB0-FDC9-4CA2-B321-949E7CC379BD}.AppStore|iPhone.ActiveCfg = Release|Any CPU
		{20884EB0-FDC9-4CA2-B321-949E7CC379BD}.AppStore|iPhone.Build.0 = Release|Any CPU
		{20884EB0-FDC9-4CA2-B321-949E7CC379BD}.AppStore|iPhone.Deploy.0 = Release|Any CPU
		{20884EB0-FDC9-4CA2-B321-949E7CC379BD}.AppStore|iPhoneSimulator.ActiveCfg = Release|Any CPU
		{20884EB0-FDC9-4CA2-B321-949E7CC379BD}.AppStore|iPhoneSimulator.Build.0 = Release|Any CPU
		{20884EB0-FDC9-4CA2-B321-949E7CC379BD}.AppStore|iPhoneSimulator.Deploy.0 = Release|Any CPU
		{20884EB0-FDC9-4CA2-B321-949E7CC379BD}.Debug|Any CPU.ActiveCfg = Debug|Any CPU
		{20884EB0-FDC9-4CA2-B321-949E7CC379BD}.Debug|Any CPU.Build.0 = Debug|Any CPU
		{20884EB0-FDC9-4CA2-B321-949E7CC379BD}.Debug|Any CPU.Deploy.0 = Debug|Any CPU
		{20884EB0-FDC9-4CA2-B321-949E7CC379BD}.Debug|iPhone.ActiveCfg = Debug|Any CPU
		{20884EB0-FDC9-4CA2-B321-949E7CC379BD}.Debug|iPhone.Build.0 = Debug|Any CPU
		{20884EB0-FDC9-4CA2-B321-949E7CC379BD}.Debug|iPhone.Deploy.0 = Debug|Any CPU
		{20884EB0-FDC9-4CA2-B321-949E7CC379BD}.Debug|iPhoneSimulator.ActiveCfg = Debug|Any CPU
		{20884EB0-FDC9-4CA2-B321-949E7CC379BD}.Debug|iPhoneSimulator.Build.0 = Debug|Any CPU
		{20884EB0-FDC9-4CA2-B321-949E7CC379BD}.Debug|iPhoneSimulator.Deploy.0 = Debug|Any CPU
		{20884EB0-FDC9-4CA2-B321-949E7CC379BD}.Release|Any CPU.ActiveCfg = Release|Any CPU
		{20884EB0-FDC9-4CA2-B321-949E7CC379BD}.Release|Any CPU.Build.0 = Release|Any CPU
		{20884EB0-FDC9-4CA2-B321-949E7CC379BD}.Release|Any CPU.Deploy.0 = Release|Any CPU
		{20884EB0-FDC9-4CA2-B321-949E7CC379BD}.Release|iPhone.ActiveCfg = Release|Any CPU
		{20884EB0-FDC9-4CA2-B321-949E7CC379BD}.Release|iPhone.Build.0 = Release|Any CPU
		{20884EB0-FDC9-4CA2-B321-949E7CC379BD}.Release|iPhone.Deploy.0 = Release|Any CPU
		{20884EB0-FDC9-4CA2-B321-949E7CC379BD}.Release|iPhoneSimulator.ActiveCfg = Release|Any CPU
		{20884EB0-FDC9-4CA2-B321-949E7CC379BD}.Release|iPhoneSimulator.Build.0 = Release|Any CPU
		{20884EB0-FDC9-4CA2-B321-949E7CC379BD}.Release|iPhoneSimulator.Deploy.0 = Release|Any CPU
		{E59DDEAC-A81A-431F-8A99-521CB97D19F9}.Ad-Hoc|Any CPU.ActiveCfg = Debug|Any CPU
		{E59DDEAC-A81A-431F-8A99-521CB97D19F9}.Ad-Hoc|Any CPU.Build.0 = Debug|Any CPU
		{E59DDEAC-A81A-431F-8A99-521CB97D19F9}.Ad-Hoc|Any CPU.Deploy.0 = Debug|Any CPU
		{E59DDEAC-A81A-431F-8A99-521CB97D19F9}.Ad-Hoc|iPhone.ActiveCfg = Debug|Any CPU
		{E59DDEAC-A81A-431F-8A99-521CB97D19F9}.Ad-Hoc|iPhone.Build.0 = Debug|Any CPU
		{E59DDEAC-A81A-431F-8A99-521CB97D19F9}.Ad-Hoc|iPhone.Deploy.0 = Debug|Any CPU
		{E59DDEAC-A81A-431F-8A99-521CB97D19F9}.Ad-Hoc|iPhoneSimulator.ActiveCfg = Debug|Any CPU
		{E59DDEAC-A81A-431F-8A99-521CB97D19F9}.Ad-Hoc|iPhoneSimulator.Build.0 = Debug|Any CPU
		{E59DDEAC-A81A-431F-8A99-521CB97D19F9}.Ad-Hoc|iPhoneSimulator.Deploy.0 = Debug|Any CPU
		{E59DDEAC-A81A-431F-8A99-521CB97D19F9}.AppStore|Any CPU.ActiveCfg = Debug|Any CPU
		{E59DDEAC-A81A-431F-8A99-521CB97D19F9}.AppStore|Any CPU.Build.0 = Debug|Any CPU
		{E59DDEAC-A81A-431F-8A99-521CB97D19F9}.AppStore|Any CPU.Deploy.0 = Debug|Any CPU
		{E59DDEAC-A81A-431F-8A99-521CB97D19F9}.AppStore|iPhone.ActiveCfg = Debug|Any CPU
		{E59DDEAC-A81A-431F-8A99-521CB97D19F9}.AppStore|iPhone.Build.0 = Debug|Any CPU
		{E59DDEAC-A81A-431F-8A99-521CB97D19F9}.AppStore|iPhone.Deploy.0 = Debug|Any CPU
		{E59DDEAC-A81A-431F-8A99-521CB97D19F9}.AppStore|iPhoneSimulator.ActiveCfg = Debug|Any CPU
		{E59DDEAC-A81A-431F-8A99-521CB97D19F9}.AppStore|iPhoneSimulator.Build.0 = Debug|Any CPU
		{E59DDEAC-A81A-431F-8A99-521CB97D19F9}.AppStore|iPhoneSimulator.Deploy.0 = Debug|Any CPU
		{E59DDEAC-A81A-431F-8A99-521CB97D19F9}.Debug|Any CPU.ActiveCfg = Debug|Any CPU
		{E59DDEAC-A81A-431F-8A99-521CB97D19F9}.Debug|Any CPU.Build.0 = Debug|Any CPU
		{E59DDEAC-A81A-431F-8A99-521CB97D19F9}.Debug|Any CPU.Deploy.0 = Debug|Any CPU
		{E59DDEAC-A81A-431F-8A99-521CB97D19F9}.Debug|iPhone.ActiveCfg = Debug|Any CPU
		{E59DDEAC-A81A-431F-8A99-521CB97D19F9}.Debug|iPhone.Build.0 = Debug|Any CPU
		{E59DDEAC-A81A-431F-8A99-521CB97D19F9}.Debug|iPhone.Deploy.0 = Debug|Any CPU
		{E59DDEAC-A81A-431F-8A99-521CB97D19F9}.Debug|iPhoneSimulator.ActiveCfg = Debug|Any CPU
		{E59DDEAC-A81A-431F-8A99-521CB97D19F9}.Debug|iPhoneSimulator.Build.0 = Debug|Any CPU
		{E59DDEAC-A81A-431F-8A99-521CB97D19F9}.Debug|iPhoneSimulator.Deploy.0 = Debug|Any CPU
		{E59DDEAC-A81A-431F-8A99-521CB97D19F9}.Release|Any CPU.ActiveCfg = Release|Any CPU
		{E59DDEAC-A81A-431F-8A99-521CB97D19F9}.Release|Any CPU.Build.0 = Release|Any CPU
		{E59DDEAC-A81A-431F-8A99-521CB97D19F9}.Release|Any CPU.Deploy.0 = Release|Any CPU
		{E59DDEAC-A81A-431F-8A99-521CB97D19F9}.Release|iPhone.ActiveCfg = Release|Any CPU
		{E59DDEAC-A81A-431F-8A99-521CB97D19F9}.Release|iPhone.Build.0 = Release|Any CPU
		{E59DDEAC-A81A-431F-8A99-521CB97D19F9}.Release|iPhone.Deploy.0 = Release|Any CPU
		{E59DDEAC-A81A-431F-8A99-521CB97D19F9}.Release|iPhoneSimulator.ActiveCfg = Release|Any CPU
		{E59DDEAC-A81A-431F-8A99-521CB97D19F9}.Release|iPhoneSimulator.Build.0 = Release|Any CPU
		{E59DDEAC-A81A-431F-8A99-521CB97D19F9}.Release|iPhoneSimulator.Deploy.0 = Release|Any CPU
		{693CD1B6-E3CC-4E8A-8E07-43379E2DF8DD}.Ad-Hoc|Any CPU.ActiveCfg = Debug|Any CPU
		{693CD1B6-E3CC-4E8A-8E07-43379E2DF8DD}.Ad-Hoc|Any CPU.Build.0 = Debug|Any CPU
		{693CD1B6-E3CC-4E8A-8E07-43379E2DF8DD}.Ad-Hoc|iPhone.ActiveCfg = Debug|Any CPU
		{693CD1B6-E3CC-4E8A-8E07-43379E2DF8DD}.Ad-Hoc|iPhone.Build.0 = Debug|Any CPU
		{693CD1B6-E3CC-4E8A-8E07-43379E2DF8DD}.Ad-Hoc|iPhoneSimulator.ActiveCfg = Debug|Any CPU
		{693CD1B6-E3CC-4E8A-8E07-43379E2DF8DD}.Ad-Hoc|iPhoneSimulator.Build.0 = Debug|Any CPU
		{693CD1B6-E3CC-4E8A-8E07-43379E2DF8DD}.AppStore|Any CPU.ActiveCfg = Debug|Any CPU
		{693CD1B6-E3CC-4E8A-8E07-43379E2DF8DD}.AppStore|Any CPU.Build.0 = Debug|Any CPU
		{693CD1B6-E3CC-4E8A-8E07-43379E2DF8DD}.AppStore|iPhone.ActiveCfg = Debug|Any CPU
		{693CD1B6-E3CC-4E8A-8E07-43379E2DF8DD}.AppStore|iPhone.Build.0 = Debug|Any CPU
		{693CD1B6-E3CC-4E8A-8E07-43379E2DF8DD}.AppStore|iPhoneSimulator.ActiveCfg = Debug|Any CPU
		{693CD1B6-E3CC-4E8A-8E07-43379E2DF8DD}.AppStore|iPhoneSimulator.Build.0 = Debug|Any CPU
		{693CD1B6-E3CC-4E8A-8E07-43379E2DF8DD}.Debug|Any CPU.ActiveCfg = Debug|Any CPU
		{693CD1B6-E3CC-4E8A-8E07-43379E2DF8DD}.Debug|Any CPU.Build.0 = Debug|Any CPU
		{693CD1B6-E3CC-4E8A-8E07-43379E2DF8DD}.Debug|iPhone.ActiveCfg = Debug|Any CPU
		{693CD1B6-E3CC-4E8A-8E07-43379E2DF8DD}.Debug|iPhone.Build.0 = Debug|Any CPU
		{693CD1B6-E3CC-4E8A-8E07-43379E2DF8DD}.Debug|iPhoneSimulator.ActiveCfg = Debug|Any CPU
		{693CD1B6-E3CC-4E8A-8E07-43379E2DF8DD}.Debug|iPhoneSimulator.Build.0 = Debug|Any CPU
		{693CD1B6-E3CC-4E8A-8E07-43379E2DF8DD}.Release|Any CPU.ActiveCfg = Release|Any CPU
		{693CD1B6-E3CC-4E8A-8E07-43379E2DF8DD}.Release|Any CPU.Build.0 = Release|Any CPU
		{693CD1B6-E3CC-4E8A-8E07-43379E2DF8DD}.Release|iPhone.ActiveCfg = Release|Any CPU
		{693CD1B6-E3CC-4E8A-8E07-43379E2DF8DD}.Release|iPhone.Build.0 = Release|Any CPU
		{693CD1B6-E3CC-4E8A-8E07-43379E2DF8DD}.Release|iPhoneSimulator.ActiveCfg = Release|Any CPU
		{693CD1B6-E3CC-4E8A-8E07-43379E2DF8DD}.Release|iPhoneSimulator.Build.0 = Release|Any CPU
		{49FB4DDD-EB67-48AA-9E78-2C6341265558}.Ad-Hoc|Any CPU.ActiveCfg = Debug|Any CPU
		{49FB4DDD-EB67-48AA-9E78-2C6341265558}.Ad-Hoc|Any CPU.Build.0 = Debug|Any CPU
		{49FB4DDD-EB67-48AA-9E78-2C6341265558}.Ad-Hoc|iPhone.ActiveCfg = Debug|Any CPU
		{49FB4DDD-EB67-48AA-9E78-2C6341265558}.Ad-Hoc|iPhone.Build.0 = Debug|Any CPU
		{49FB4DDD-EB67-48AA-9E78-2C6341265558}.Ad-Hoc|iPhoneSimulator.ActiveCfg = Debug|Any CPU
		{49FB4DDD-EB67-48AA-9E78-2C6341265558}.Ad-Hoc|iPhoneSimulator.Build.0 = Debug|Any CPU
		{49FB4DDD-EB67-48AA-9E78-2C6341265558}.AppStore|Any CPU.ActiveCfg = Debug|Any CPU
		{49FB4DDD-EB67-48AA-9E78-2C6341265558}.AppStore|Any CPU.Build.0 = Debug|Any CPU
		{49FB4DDD-EB67-48AA-9E78-2C6341265558}.AppStore|iPhone.ActiveCfg = Debug|Any CPU
		{49FB4DDD-EB67-48AA-9E78-2C6341265558}.AppStore|iPhone.Build.0 = Debug|Any CPU
		{49FB4DDD-EB67-48AA-9E78-2C6341265558}.AppStore|iPhoneSimulator.ActiveCfg = Debug|Any CPU
		{49FB4DDD-EB67-48AA-9E78-2C6341265558}.AppStore|iPhoneSimulator.Build.0 = Debug|Any CPU
		{49FB4DDD-EB67-48AA-9E78-2C6341265558}.Debug|Any CPU.ActiveCfg = Debug|Any CPU
		{49FB4DDD-EB67-48AA-9E78-2C6341265558}.Debug|Any CPU.Build.0 = Debug|Any CPU
		{49FB4DDD-EB67-48AA-9E78-2C6341265558}.Debug|iPhone.ActiveCfg = Debug|Any CPU
		{49FB4DDD-EB67-48AA-9E78-2C6341265558}.Debug|iPhone.Build.0 = Debug|Any CPU
		{49FB4DDD-EB67-48AA-9E78-2C6341265558}.Debug|iPhoneSimulator.ActiveCfg = Debug|Any CPU
		{49FB4DDD-EB67-48AA-9E78-2C6341265558}.Debug|iPhoneSimulator.Build.0 = Debug|Any CPU
		{49FB4DDD-EB67-48AA-9E78-2C6341265558}.Release|Any CPU.ActiveCfg = Release|Any CPU
		{49FB4DDD-EB67-48AA-9E78-2C6341265558}.Release|Any CPU.Build.0 = Release|Any CPU
		{49FB4DDD-EB67-48AA-9E78-2C6341265558}.Release|iPhone.ActiveCfg = Release|Any CPU
		{49FB4DDD-EB67-48AA-9E78-2C6341265558}.Release|iPhone.Build.0 = Release|Any CPU
		{49FB4DDD-EB67-48AA-9E78-2C6341265558}.Release|iPhoneSimulator.ActiveCfg = Release|Any CPU
		{49FB4DDD-EB67-48AA-9E78-2C6341265558}.Release|iPhoneSimulator.Build.0 = Release|Any CPU
		{E77B12A1-2CA5-41CC-8E76-138C8A926A97}.Ad-Hoc|Any CPU.ActiveCfg = Ad-Hoc|iPhone
		{E77B12A1-2CA5-41CC-8E76-138C8A926A97}.Ad-Hoc|iPhone.ActiveCfg = Ad-Hoc|iPhone
		{E77B12A1-2CA5-41CC-8E76-138C8A926A97}.Ad-Hoc|iPhone.Build.0 = Ad-Hoc|iPhone
		{E77B12A1-2CA5-41CC-8E76-138C8A926A97}.Ad-Hoc|iPhoneSimulator.ActiveCfg = Ad-Hoc|iPhoneSimulator
		{E77B12A1-2CA5-41CC-8E76-138C8A926A97}.Ad-Hoc|iPhoneSimulator.Build.0 = Ad-Hoc|iPhoneSimulator
		{E77B12A1-2CA5-41CC-8E76-138C8A926A97}.AppStore|Any CPU.ActiveCfg = AppStore|iPhone
		{E77B12A1-2CA5-41CC-8E76-138C8A926A97}.AppStore|iPhone.ActiveCfg = AppStore|iPhone
		{E77B12A1-2CA5-41CC-8E76-138C8A926A97}.AppStore|iPhone.Build.0 = AppStore|iPhone
		{E77B12A1-2CA5-41CC-8E76-138C8A926A97}.AppStore|iPhoneSimulator.ActiveCfg = AppStore|iPhoneSimulator
		{E77B12A1-2CA5-41CC-8E76-138C8A926A97}.AppStore|iPhoneSimulator.Build.0 = AppStore|iPhoneSimulator
		{E77B12A1-2CA5-41CC-8E76-138C8A926A97}.Debug|Any CPU.ActiveCfg = Debug|iPhone
		{E77B12A1-2CA5-41CC-8E76-138C8A926A97}.Debug|iPhone.ActiveCfg = Debug|iPhone
		{E77B12A1-2CA5-41CC-8E76-138C8A926A97}.Debug|iPhone.Build.0 = Debug|iPhone
		{E77B12A1-2CA5-41CC-8E76-138C8A926A97}.Debug|iPhoneSimulator.ActiveCfg = Debug|iPhoneSimulator
		{E77B12A1-2CA5-41CC-8E76-138C8A926A97}.Debug|iPhoneSimulator.Build.0 = Debug|iPhoneSimulator
		{E77B12A1-2CA5-41CC-8E76-138C8A926A97}.Release|Any CPU.ActiveCfg = Release|iPhone
		{E77B12A1-2CA5-41CC-8E76-138C8A926A97}.Release|iPhone.ActiveCfg = Release|iPhone
		{E77B12A1-2CA5-41CC-8E76-138C8A926A97}.Release|iPhone.Build.0 = Release|iPhone
		{E77B12A1-2CA5-41CC-8E76-138C8A926A97}.Release|iPhoneSimulator.ActiveCfg = Release|iPhoneSimulator
		{E77B12A1-2CA5-41CC-8E76-138C8A926A97}.Release|iPhoneSimulator.Build.0 = Release|iPhoneSimulator
	EndGlobalSection
	GlobalSection(SolutionProperties) = preSolution
		HideSolutionNode = FALSE
	EndGlobalSection
	GlobalSection(ExtensibilityGlobals) = postSolution
		SolutionGuid = {87D616A8-532C-40F9-A4AA-2EB6E47D8F46}
	EndGlobalSection
EndGlobal
